
Microsoft Visual Studio Solution File, Format Version 12.00
# Visual Studio Version 16
VisualStudioVersion = 16.0.31515.178
MinimumVisualStudioVersion = 10.0.40219.1
Project("{9A19103F-16F7-4668-BE54-9A1E7A4F7556}") = "WpfApp2", "WpfApp2.csproj", "{AE619891-3807-4B5B-8B8A-44F43D3EC763}"
EndProject
Project("{9A19103F-16F7-4668-BE54-9A1E7A4F7556}") = "YOLOv4MLNet", "..\ModelLib\YOLOv4MLNet.csproj", "{F063A65D-0844-4242-8DE7-8F3BF562DD04}"
EndProject
Global
	GlobalSection(SolutionConfigurationPlatforms) = preSolution
		Debug|Any CPU = Debug|Any CPU
		Release|Any CPU = Release|Any CPU
	EndGlobalSection
	GlobalSection(ProjectConfigurationPlatforms) = postSolution
		{AE619891-3807-4B5B-8B8A-44F43D3EC763}.Debug|Any CPU.ActiveCfg = Debug|Any CPU
		{AE619891-3807-4B5B-8B8A-44F43D3EC763}.Debug|Any CPU.Build.0 = Debug|Any CPU
		{AE619891-3807-4B5B-8B8A-44F43D3EC763}.Release|Any CPU.ActiveCfg = Release|Any CPU
		{AE619891-3807-4B5B-8B8A-44F43D3EC763}.Release|Any CPU.Build.0 = Release|Any CPU
		{F063A65D-0844-4242-8DE7-8F3BF562DD04}.Debug|Any CPU.ActiveCfg = Debug|Any CPU
		{F063A65D-0844-4242-8DE7-8F3BF562DD04}.Debug|Any CPU.Build.0 = Debug|Any CPU
		{F063A65D-0844-4242-8DE7-8F3BF562DD04}.Release|Any CPU.ActiveCfg = Release|Any CPU
		{F063A65D-0844-4242-8DE7-8F3BF562DD04}.Release|Any CPU.Build.0 = Release|Any CPU
	EndGlobalSection
	GlobalSection(SolutionProperties) = preSolution
		HideSolutionNode = FALSE
	EndGlobalSection
	GlobalSection(ExtensibilityGlobals) = postSolution
		SolutionGuid = {724169BF-7C52-4CA6-9834-C92315294EAC}
	EndGlobalSection
EndGlobal
